
Microsoft Visual Studio Solution File, Format Version 12.00
# Visual Studio Version 17
VisualStudioVersion = 17.0.32112.339
MinimumVisualStudioVersion = 10.0.40219.1
Project("{FAE04EC0-301F-11D3-BF4B-00C04F79EFBC}") = "BullkyBookWeb", "BullkyBookWeb\BullkyBookWeb.csproj", "{429B37D4-A8AD-4ADE-93ED-E367A3139888}"
EndProject
Global
	GlobalSection(SolutionConfigurationPlatforms) = preSolution
		Debug|Any CPU = Debug|Any CPU
		Release|Any CPU = Release|Any CPU
	EndGlobalSection
	GlobalSection(ProjectConfigurationPlatforms) = postSolution
		{429B37D4-A8AD-4ADE-93ED-E367A3139888}.Debug|Any CPU.ActiveCfg = Debug|Any CPU
		{429B37D4-A8AD-4ADE-93ED-E367A3139888}.Debug|Any CPU.Build.0 = Debug|Any CPU
		{429B37D4-A8AD-4ADE-93ED-E367A3139888}.Release|Any CPU.ActiveCfg = Release|Any CPU
		{429B37D4-A8AD-4ADE-93ED-E367A3139888}.Release|Any CPU.Build.0 = Release|Any CPU
	EndGlobalSection
	GlobalSection(SolutionProperties) = preSolution
		HideSolutionNode = FALSE
	EndGlobalSection
	GlobalSection(ExtensibilityGlobals) = postSolution
		SolutionGuid = {4F2F8C86-9417-42EF-B5C5-9B5516C5B5F2}
	EndGlobalSection
EndGlobal
